// !$*UTF8*$!
{
	archiveVersion = 1;
	classes = {
	};
	objectVersion = 47;
	objects = {

/* Begin PBXBuildFile section */
		BC274D931D31E17E00D3BB9E /* cellGlass.png in Resources */ = {isa = PBXBuildFile; fileRef = BC274D8D1D31E17E00D3BB9E /* cellGlass.png */; };
		BC274D941D31E17E00D3BB9E /* eightGlasses.png in Resources */ = {isa = PBXBuildFile; fileRef = BC274D8E1D31E17E00D3BB9E /* eightGlasses.png */; };
		BC274D951D31E17E00D3BB9E /* emptyGlass-1.png in Resources */ = {isa = PBXBuildFile; fileRef = BC274D8F1D31E17E00D3BB9E /* emptyGlass-1.png */; };
		BC274D961D31E17E00D3BB9E /* fullGlass-4.png in Resources */ = {isa = PBXBuildFile; fileRef = BC274D901D31E17E00D3BB9E /* fullGlass-4.png */; };
		BC274D971D31E17E00D3BB9E /* icon@60.png in Resources */ = {isa = PBXBuildFile; fileRef = BC274D911D31E17E00D3BB9E /* icon@60.png */; };
		BC274D981D31E17E00D3BB9E /* today-xxl copy-2.png in Resources */ = {isa = PBXBuildFile; fileRef = BC274D921D31E17E00D3BB9E /* today-xxl copy-2.png */; };
		BC274D9A1D31E34A00D3BB9E /* pattern-bg-2.png in Resources */ = {isa = PBXBuildFile; fileRef = BC274D991D31E34A00D3BB9E /* pattern-bg-2.png */; };
		BC2992CA1D0D0434003D07EB /* main.m in Sources */ = {isa = PBXBuildFile; fileRef = BC2992C91D0D0434003D07EB /* main.m */; };
		BC2992CD1D0D0434003D07EB /* AppDelegate.m in Sources */ = {isa = PBXBuildFile; fileRef = BC2992CC1D0D0434003D07EB /* AppDelegate.m */; };
		BC2992D01D0D0434003D07EB /* ViewController.m in Sources */ = {isa = PBXBuildFile; fileRef = BC2992CF1D0D0434003D07EB /* ViewController.m */; };
		BC2992D31D0D0434003D07EB /* Main.storyboard in Resources */ = {isa = PBXBuildFile; fileRef = BC2992D11D0D0434003D07EB /* Main.storyboard */; };
		BC2992D61D0D0434003D07EB /* EightGlasses.xcdatamodeld in Sources */ = {isa = PBXBuildFile; fileRef = BC2992D41D0D0434003D07EB /* EightGlasses.xcdatamodeld */; };
		BC2992D81D0D0434003D07EB /* Assets.xcassets in Resources */ = {isa = PBXBuildFile; fileRef = BC2992D71D0D0434003D07EB /* Assets.xcassets */; };
		BC2992DB1D0D0434003D07EB /* LaunchScreen.storyboard in Resources */ = {isa = PBXBuildFile; fileRef = BC2992D91D0D0434003D07EB /* LaunchScreen.storyboard */; };
		BC2992E41D0D075C003D07EB /* GlassesViewController.m in Sources */ = {isa = PBXBuildFile; fileRef = BC2992E31D0D075C003D07EB /* GlassesViewController.m */; };
		BC2992E71D0D076D003D07EB /* AboutViewController.m in Sources */ = {isa = PBXBuildFile; fileRef = BC2992E61D0D076D003D07EB /* AboutViewController.m */; };
		BC2992EA1D0D1428003D07EB /* GlassCell.m in Sources */ = {isa = PBXBuildFile; fileRef = BC2992E91D0D1428003D07EB /* GlassCell.m */; };
		BC29934C1D0DF1D5003D07EB /* DailyWater.m in Sources */ = {isa = PBXBuildFile; fileRef = BC29934B1D0DF1D5003D07EB /* DailyWater.m */; };
		BC29934F1D0E3957003D07EB /* ImageUITapGestureRecognizer.m in Sources */ = {isa = PBXBuildFile; fileRef = BC29934E1D0E3957003D07EB /* ImageUITapGestureRecognizer.m */; };
		BC2A13641D10C3F200B63E27 /* HistoryCell.m in Sources */ = {isa = PBXBuildFile; fileRef = BC2A13621D10C3F200B63E27 /* HistoryCell.m */; };
		BC2A13651D10C3F200B63E27 /* HistoryCell.xib in Resources */ = {isa = PBXBuildFile; fileRef = BC2A13631D10C3F200B63E27 /* HistoryCell.xib */; };
		BC2A136A1D10DEBD00B63E27 /* HistoryDetailViewController.m in Sources */ = {isa = PBXBuildFile; fileRef = BC2A13691D10DEBD00B63E27 /* HistoryDetailViewController.m */; };
		BC2A13741D123F3B00B63E27 /* GlassTabBarController.m in Sources */ = {isa = PBXBuildFile; fileRef = BC2A13731D123F3B00B63E27 /* GlassTabBarController.m */; };
		BC95737E1D34858800BFB1B1 /* LaunchScreen-ps.png in Resources */ = {isa = PBXBuildFile; fileRef = BC95737D1D34858800BFB1B1 /* LaunchScreen-ps.png */; };
		BC9573801D35707300BFB1B1 /* LaunchScreen-ps.png in Resources */ = {isa = PBXBuildFile; fileRef = BC95737F1D35707300BFB1B1 /* LaunchScreen-ps.png */; };
		BCA1AC8F1D209220005F3BEC /* DateFormatter.m in Sources */ = {isa = PBXBuildFile; fileRef = BCA1AC8E1D209220005F3BEC /* DateFormatter.m */; };
/* End PBXBuildFile section */

/* Begin PBXFileReference section */
		BC274D8D1D31E17E00D3BB9E /* cellGlass.png */ = {isa = PBXFileReference; lastKnownFileType = image.png; path = cellGlass.png; sourceTree = "<group>"; };
		BC274D8E1D31E17E00D3BB9E /* eightGlasses.png */ = {isa = PBXFileReference; lastKnownFileType = image.png; path = eightGlasses.png; sourceTree = "<group>"; };
		BC274D8F1D31E17E00D3BB9E /* emptyGlass-1.png */ = {isa = PBXFileReference; lastKnownFileType = image.png; path = "emptyGlass-1.png"; sourceTree = "<group>"; };
		BC274D901D31E17E00D3BB9E /* fullGlass-4.png */ = {isa = PBXFileReference; lastKnownFileType = image.png; path = "fullGlass-4.png"; sourceTree = "<group>"; };
		BC274D911D31E17E00D3BB9E /* icon@60.png */ = {isa = PBXFileReference; lastKnownFileType = image.png; path = "icon@60.png"; sourceTree = "<group>"; };
		BC274D921D31E17E00D3BB9E /* today-xxl copy-2.png */ = {isa = PBXFileReference; lastKnownFileType = image.png; path = "today-xxl copy-2.png"; sourceTree = "<group>"; };
		BC274D991D31E34A00D3BB9E /* pattern-bg-2.png */ = {isa = PBXFileReference; lastKnownFileType = image.png; path = "pattern-bg-2.png"; sourceTree = "<group>"; };
		BC2992C51D0D0434003D07EB /* EightGlasses.app */ = {isa = PBXFileReference; explicitFileType = wrapper.application; includeInIndex = 0; path = EightGlasses.app; sourceTree = BUILT_PRODUCTS_DIR; };
		BC2992C91D0D0434003D07EB /* main.m */ = {isa = PBXFileReference; lastKnownFileType = sourcecode.c.objc; path = main.m; sourceTree = "<group>"; };
		BC2992CB1D0D0434003D07EB /* AppDelegate.h */ = {isa = PBXFileReference; lastKnownFileType = sourcecode.c.h; path = AppDelegate.h; sourceTree = "<group>"; };
		BC2992CC1D0D0434003D07EB /* AppDelegate.m */ = {isa = PBXFileReference; lastKnownFileType = sourcecode.c.objc; path = AppDelegate.m; sourceTree = "<group>"; };
		BC2992CE1D0D0434003D07EB /* ViewController.h */ = {isa = PBXFileReference; lastKnownFileType = sourcecode.c.h; path = ViewController.h; sourceTree = "<group>"; };
		BC2992CF1D0D0434003D07EB /* ViewController.m */ = {isa = PBXFileReference; lastKnownFileType = sourcecode.c.objc; path = ViewController.m; sourceTree = "<group>"; };
		BC2992D21D0D0434003D07EB /* Base */ = {isa = PBXFileReference; lastKnownFileType = file.storyboard; name = Base; path = Base.lproj/Main.storyboard; sourceTree = "<group>"; };
		BC2992D51D0D0434003D07EB /* EightGlasses.xcdatamodel */ = {isa = PBXFileReference; lastKnownFileType = wrapper.xcdatamodel; path = EightGlasses.xcdatamodel; sourceTree = "<group>"; };
		BC2992D71D0D0434003D07EB /* Assets.xcassets */ = {isa = PBXFileReference; lastKnownFileType = folder.assetcatalog; path = Assets.xcassets; sourceTree = "<group>"; };
		BC2992DA1D0D0434003D07EB /* Base */ = {isa = PBXFileReference; lastKnownFileType = file.storyboard; name = Base; path = Base.lproj/LaunchScreen.storyboard; sourceTree = "<group>"; };
		BC2992DC1D0D0434003D07EB /* Info.plist */ = {isa = PBXFileReference; lastKnownFileType = text.plist.xml; path = Info.plist; sourceTree = "<group>"; };
		BC2992E21D0D075C003D07EB /* GlassesViewController.h */ = {isa = PBXFileReference; fileEncoding = 4; lastKnownFileType = sourcecode.c.h; path = GlassesViewController.h; sourceTree = "<group>"; };
		BC2992E31D0D075C003D07EB /* GlassesViewController.m */ = {isa = PBXFileReference; fileEncoding = 4; lastKnownFileType = sourcecode.c.objc; path = GlassesViewController.m; sourceTree = "<group>"; };
		BC2992E51D0D076D003D07EB /* AboutViewController.h */ = {isa = PBXFileReference; fileEncoding = 4; lastKnownFileType = sourcecode.c.h; path = AboutViewController.h; sourceTree = "<group>"; };
		BC2992E61D0D076D003D07EB /* AboutViewController.m */ = {isa = PBXFileReference; fileEncoding = 4; lastKnownFileType = sourcecode.c.objc; path = AboutViewController.m; sourceTree = "<group>"; };
		BC2992E81D0D1428003D07EB /* GlassCell.h */ = {isa = PBXFileReference; fileEncoding = 4; lastKnownFileType = sourcecode.c.h; path = GlassCell.h; sourceTree = "<group>"; };
		BC2992E91D0D1428003D07EB /* GlassCell.m */ = {isa = PBXFileReference; fileEncoding = 4; lastKnownFileType = sourcecode.c.objc; path = GlassCell.m; sourceTree = "<group>"; };
		BC29934A1D0DF1D5003D07EB /* DailyWater.h */ = {isa = PBXFileReference; fileEncoding = 4; lastKnownFileType = sourcecode.c.h; path = DailyWater.h; sourceTree = "<group>"; };
		BC29934B1D0DF1D5003D07EB /* DailyWater.m */ = {isa = PBXFileReference; fileEncoding = 4; lastKnownFileType = sourcecode.c.objc; path = DailyWater.m; sourceTree = "<group>"; };
		BC29934D1D0E3957003D07EB /* ImageUITapGestureRecognizer.h */ = {isa = PBXFileReference; fileEncoding = 4; lastKnownFileType = sourcecode.c.h; path = ImageUITapGestureRecognizer.h; sourceTree = "<group>"; };
		BC29934E1D0E3957003D07EB /* ImageUITapGestureRecognizer.m */ = {isa = PBXFileReference; fileEncoding = 4; lastKnownFileType = sourcecode.c.objc; path = ImageUITapGestureRecognizer.m; sourceTree = "<group>"; };
		BC2A13611D10C3F200B63E27 /* HistoryCell.h */ = {isa = PBXFileReference; fileEncoding = 4; lastKnownFileType = sourcecode.c.h; path = HistoryCell.h; sourceTree = "<group>"; };
		BC2A13621D10C3F200B63E27 /* HistoryCell.m */ = {isa = PBXFileReference; fileEncoding = 4; lastKnownFileType = sourcecode.c.objc; path = HistoryCell.m; sourceTree = "<group>"; };
		BC2A13631D10C3F200B63E27 /* HistoryCell.xib */ = {isa = PBXFileReference; fileEncoding = 4; lastKnownFileType = file.xib; path = HistoryCell.xib; sourceTree = "<group>"; };
		BC2A13681D10DEBD00B63E27 /* HistoryDetailViewController.h */ = {isa = PBXFileReference; fileEncoding = 4; lastKnownFileType = sourcecode.c.h; path = HistoryDetailViewController.h; sourceTree = "<group>"; };
		BC2A13691D10DEBD00B63E27 /* HistoryDetailViewController.m */ = {isa = PBXFileReference; fileEncoding = 4; lastKnownFileType = sourcecode.c.objc; path = HistoryDetailViewController.m; sourceTree = "<group>"; };
		BC2A13721D123F3B00B63E27 /* GlassTabBarController.h */ = {isa = PBXFileReference; fileEncoding = 4; lastKnownFileType = sourcecode.c.h; path = GlassTabBarController.h; sourceTree = "<group>"; };
		BC2A13731D123F3B00B63E27 /* GlassTabBarController.m */ = {isa = PBXFileReference; fileEncoding = 4; lastKnownFileType = sourcecode.c.objc; path = GlassTabBarController.m; sourceTree = "<group>"; };
		BC95737D1D34858800BFB1B1 /* LaunchScreen-ps.png */ = {isa = PBXFileReference; lastKnownFileType = image.png; path = "LaunchScreen-ps.png"; sourceTree = SOURCE_ROOT; };
		BC95737F1D35707300BFB1B1 /* LaunchScreen-ps.png */ = {isa = PBXFileReference; lastKnownFileType = image.png; path = "LaunchScreen-ps.png"; sourceTree = "<group>"; };
		BCA1AC8D1D209220005F3BEC /* DateFormatter.h */ = {isa = PBXFileReference; fileEncoding = 4; lastKnownFileType = sourcecode.c.h; path = DateFormatter.h; sourceTree = "<group>"; };
		BCA1AC8E1D209220005F3BEC /* DateFormatter.m */ = {isa = PBXFileReference; fileEncoding = 4; lastKnownFileType = sourcecode.c.objc; path = DateFormatter.m; sourceTree = "<group>"; };
/* End PBXFileReference section */

/* Begin PBXFrameworksBuildPhase section */
		BC2992C21D0D0434003D07EB /* Frameworks */ = {
			isa = PBXFrameworksBuildPhase;
			buildActionMask = 2147483647;
			files = (
			);
			runOnlyForDeploymentPostprocessing = 0;
		};
/* End PBXFrameworksBuildPhase section */

/* Begin PBXGroup section */
		BC274D8C1D31E17E00D3BB9E /* Resources */ = {
			isa = PBXGroup;
			children = (
				BC95737F1D35707300BFB1B1 /* LaunchScreen-ps.png */,
				BC95737D1D34858800BFB1B1 /* LaunchScreen-ps.png */,
				BC274D991D31E34A00D3BB9E /* pattern-bg-2.png */,
				BC274D8D1D31E17E00D3BB9E /* cellGlass.png */,
				BC274D8E1D31E17E00D3BB9E /* eightGlasses.png */,
				BC274D8F1D31E17E00D3BB9E /* emptyGlass-1.png */,
				BC274D901D31E17E00D3BB9E /* fullGlass-4.png */,
				BC274D911D31E17E00D3BB9E /* icon@60.png */,
				BC274D921D31E17E00D3BB9E /* today-xxl copy-2.png */,
			);
			path = Resources;
			sourceTree = "<group>";
		};
		BC2992BC1D0D0434003D07EB = {
			isa = PBXGroup;
			children = (
				BC2992C71D0D0434003D07EB /* EightGlasses */,
				BC2992C61D0D0434003D07EB /* Products */,
			);
			sourceTree = "<group>";
			usesTabs = 0;
		};
		BC2992C61D0D0434003D07EB /* Products */ = {
			isa = PBXGroup;
			children = (
				BC2992C51D0D0434003D07EB /* EightGlasses.app */,
			);
			name = Products;
			sourceTree = "<group>";
		};
		BC2992C71D0D0434003D07EB /* EightGlasses */ = {
			isa = PBXGroup;
			children = (
				BC274D8C1D31E17E00D3BB9E /* Resources */,
				BCA1AC901D20A6C9005F3BEC /* UtilityClasses */,
				BCA1AC911D20A6F7005F3BEC /* Views */,
				BC2992D11D0D0434003D07EB /* Main.storyboard */,
				BC2992D71D0D0434003D07EB /* Assets.xcassets */,
				BC2992D91D0D0434003D07EB /* LaunchScreen.storyboard */,
				BC2992DC1D0D0434003D07EB /* Info.plist */,
				BC2992D41D0D0434003D07EB /* EightGlasses.xcdatamodeld */,
				BC2992C81D0D0434003D07EB /* Supporting Files */,
			);
			path = EightGlasses;
			sourceTree = "<group>";
		};
		BC2992C81D0D0434003D07EB /* Supporting Files */ = {
			isa = PBXGroup;
			children = (
				BC2992C91D0D0434003D07EB /* main.m */,
			);
			name = "Supporting Files";
			sourceTree = "<group>";
		};
		BCA1AC901D20A6C9005F3BEC /* UtilityClasses */ = {
			isa = PBXGroup;
			children = (
				BCA1AC8D1D209220005F3BEC /* DateFormatter.h */,
				BCA1AC8E1D209220005F3BEC /* DateFormatter.m */,
				BC2992E81D0D1428003D07EB /* GlassCell.h */,
				BC2992E91D0D1428003D07EB /* GlassCell.m */,
				BC29934A1D0DF1D5003D07EB /* DailyWater.h */,
				BC29934B1D0DF1D5003D07EB /* DailyWater.m */,
				BC29934D1D0E3957003D07EB /* ImageUITapGestureRecognizer.h */,
				BC29934E1D0E3957003D07EB /* ImageUITapGestureRecognizer.m */,
				BC2A13611D10C3F200B63E27 /* HistoryCell.h */,
				BC2A13621D10C3F200B63E27 /* HistoryCell.m */,
				BC2A13631D10C3F200B63E27 /* HistoryCell.xib */,
			);
			name = UtilityClasses;
			sourceTree = "<group>";
		};
		BCA1AC911D20A6F7005F3BEC /* Views */ = {
			isa = PBXGroup;
			children = (
				BC2992E51D0D076D003D07EB /* AboutViewController.h */,
				BC2992E61D0D076D003D07EB /* AboutViewController.m */,
				BC2992E21D0D075C003D07EB /* GlassesViewController.h */,
				BC2992E31D0D075C003D07EB /* GlassesViewController.m */,
				BC2992CE1D0D0434003D07EB /* ViewController.h */,
				BC2992CF1D0D0434003D07EB /* ViewController.m */,
				BC2992CB1D0D0434003D07EB /* AppDelegate.h */,
				BC2992CC1D0D0434003D07EB /* AppDelegate.m */,
				BC2A13681D10DEBD00B63E27 /* HistoryDetailViewController.h */,
				BC2A13691D10DEBD00B63E27 /* HistoryDetailViewController.m */,
				BC2A13721D123F3B00B63E27 /* GlassTabBarController.h */,
				BC2A13731D123F3B00B63E27 /* GlassTabBarController.m */,
			);
			name = Views;
			sourceTree = "<group>";
		};
/* End PBXGroup section */

/* Begin PBXNativeTarget section */
		BC2992C41D0D0434003D07EB /* EightGlasses */ = {
			isa = PBXNativeTarget;
			buildConfigurationList = BC2992DF1D0D0434003D07EB /* Build configuration list for PBXNativeTarget "EightGlasses" */;
			buildPhases = (
				BC2992C11D0D0434003D07EB /* Sources */,
				BC2992C21D0D0434003D07EB /* Frameworks */,
				BC2992C31D0D0434003D07EB /* Resources */,
			);
			buildRules = (
			);
			dependencies = (
			);
			name = EightGlasses;
			productName = EightGlasses;
			productReference = BC2992C51D0D0434003D07EB /* EightGlasses.app */;
			productType = "com.apple.product-type.application";
		};
/* End PBXNativeTarget section */

/* Begin PBXProject section */
		BC2992BD1D0D0434003D07EB /* Project object */ = {
			isa = PBXProject;
			attributes = {
				LastUpgradeCheck = 0730;
				ORGANIZATIONNAME = app;
				TargetAttributes = {
					BC2992C41D0D0434003D07EB = {
						CreatedOnToolsVersion = 7.3.1;
						DevelopmentTeam = 38FL7QSMWS;
					};
				};
			};
			buildConfigurationList = BC2992C01D0D0434003D07EB /* Build configuration list for PBXProject "EightGlasses" */;
			compatibilityVersion = "Xcode 6.3";
			developmentRegion = English;
			hasScannedForEncodings = 0;
			knownRegions = (
				en,
				Base,
			);
			mainGroup = BC2992BC1D0D0434003D07EB;
			productRefGroup = BC2992C61D0D0434003D07EB /* Products */;
			projectDirPath = "";
			projectRoot = "";
			targets = (
				BC2992C41D0D0434003D07EB /* EightGlasses */,
			);
		};
/* End PBXProject section */

/* Begin PBXResourcesBuildPhase section */
		BC2992C31D0D0434003D07EB /* Resources */ = {
			isa = PBXResourcesBuildPhase;
			buildActionMask = 2147483647;
			files = (
				BC2992DB1D0D0434003D07EB /* LaunchScreen.storyboard in Resources */,
				BC2A13651D10C3F200B63E27 /* HistoryCell.xib in Resources */,
				BC274D941D31E17E00D3BB9E /* eightGlasses.png in Resources */,
				BC274D931D31E17E00D3BB9E /* cellGlass.png in Resources */,
				BC9573801D35707300BFB1B1 /* LaunchScreen-ps.png in Resources */,
				BC274D981D31E17E00D3BB9E /* today-xxl copy-2.png in Resources */,
				BC2992D81D0D0434003D07EB /* Assets.xcassets in Resources */,
				BC2992D31D0D0434003D07EB /* Main.storyboard in Resources */,
				BC274D951D31E17E00D3BB9E /* emptyGlass-1.png in Resources */,
				BC274D961D31E17E00D3BB9E /* fullGlass-4.png in Resources */,
				BC95737E1D34858800BFB1B1 /* LaunchScreen-ps.png in Resources */,
				BC274D9A1D31E34A00D3BB9E /* pattern-bg-2.png in Resources */,
				BC274D971D31E17E00D3BB9E /* icon@60.png in Resources */,
			);
			runOnlyForDeploymentPostprocessing = 0;
		};
/* End PBXResourcesBuildPhase section */

/* Begin PBXSourcesBuildPhase section */
		BC2992C11D0D0434003D07EB /* Sources */ = {
			isa = PBXSourcesBuildPhase;
			buildActionMask = 2147483647;
			files = (
				BC29934F1D0E3957003D07EB /* ImageUITapGestureRecognizer.m in Sources */,
				BC2992E71D0D076D003D07EB /* AboutViewController.m in Sources */,
				BC2A13641D10C3F200B63E27 /* HistoryCell.m in Sources */,
				BC2992D61D0D0434003D07EB /* EightGlasses.xcdatamodeld in Sources */,
				BC2992E41D0D075C003D07EB /* GlassesViewController.m in Sources */,
				BCA1AC8F1D209220005F3BEC /* DateFormatter.m in Sources */,
				BC2A136A1D10DEBD00B63E27 /* HistoryDetailViewController.m in Sources */,
				BC2992EA1D0D1428003D07EB /* GlassCell.m in Sources */,
				BC2992D01D0D0434003D07EB /* ViewController.m in Sources */,
				BC2A13741D123F3B00B63E27 /* GlassTabBarController.m in Sources */,
				BC29934C1D0DF1D5003D07EB /* DailyWater.m in Sources */,
				BC2992CD1D0D0434003D07EB /* AppDelegate.m in Sources */,
				BC2992CA1D0D0434003D07EB /* main.m in Sources */,
			);
			runOnlyForDeploymentPostprocessing = 0;
		};
/* End PBXSourcesBuildPhase section */

/* Begin PBXVariantGroup section */
		BC2992D11D0D0434003D07EB /* Main.storyboard */ = {
			isa = PBXVariantGroup;
			children = (
				BC2992D21D0D0434003D07EB /* Base */,
			);
			name = Main.storyboard;
			sourceTree = "<group>";
		};
		BC2992D91D0D0434003D07EB /* LaunchScreen.storyboard */ = {
			isa = PBXVariantGroup;
			children = (
				BC2992DA1D0D0434003D07EB /* Base */,
			);
			name = LaunchScreen.storyboard;
			sourceTree = "<group>";
		};
/* End PBXVariantGroup section */

/* Begin XCBuildConfiguration section */
		BC2992DD1D0D0434003D07EB /* Debug */ = {
			isa = XCBuildConfiguration;
			buildSettings = {
				ALWAYS_SEARCH_USER_PATHS = NO;
				CLANG_ANALYZER_NONNULL = YES;
				CLANG_CXX_LANGUAGE_STANDARD = "gnu++0x";
				CLANG_CXX_LIBRARY = "libc++";
				CLANG_ENABLE_MODULES = YES;
				CLANG_ENABLE_OBJC_ARC = YES;
				CLANG_WARN_BOOL_CONVERSION = YES;
				CLANG_WARN_CONSTANT_CONVERSION = YES;
				CLANG_WARN_DIRECT_OBJC_ISA_USAGE = YES_ERROR;
				CLANG_WARN_EMPTY_BODY = YES;
				CLANG_WARN_ENUM_CONVERSION = YES;
				CLANG_WARN_INT_CONVERSION = YES;
				CLANG_WARN_OBJC_ROOT_CLASS = YES_ERROR;
				CLANG_WARN_UNREACHABLE_CODE = YES;
				CLANG_WARN__DUPLICATE_METHOD_MATCH = YES;
				"CODE_SIGN_IDENTITY[sdk=iphoneos*]" = "iPhone Developer";
				COPY_PHASE_STRIP = NO;
				DEBUG_INFORMATION_FORMAT = dwarf;
				ENABLE_STRICT_OBJC_MSGSEND = YES;
				ENABLE_TESTABILITY = YES;
				GCC_C_LANGUAGE_STANDARD = gnu99;
				GCC_DYNAMIC_NO_PIC = NO;
				GCC_NO_COMMON_BLOCKS = YES;
				GCC_OPTIMIZATION_LEVEL = 0;
				GCC_PREPROCESSOR_DEFINITIONS = (
					"DEBUG=1",
					"$(inherited)",
				);
				GCC_WARN_64_TO_32_BIT_CONVERSION = YES;
				GCC_WARN_ABOUT_RETURN_TYPE = YES_ERROR;
				GCC_WARN_UNDECLARED_SELECTOR = YES;
				GCC_WARN_UNINITIALIZED_AUTOS = YES_AGGRESSIVE;
				GCC_WARN_UNUSED_FUNCTION = YES;
				GCC_WARN_UNUSED_VARIABLE = YES;
				IPHONEOS_DEPLOYMENT_TARGET = 9.3;
				MTL_ENABLE_DEBUG_INFO = YES;
				ONLY_ACTIVE_ARCH = YES;
				SDKROOT = iphoneos;
			};
			name = Debug;
		};
		BC2992DE1D0D0434003D07EB /* Release */ = {
			isa = XCBuildConfiguration;
			buildSettings = {
				ALWAYS_SEARCH_USER_PATHS = NO;
				CLANG_ANALYZER_NONNULL = YES;
				CLANG_CXX_LANGUAGE_STANDARD = "gnu++0x";
				CLANG_CXX_LIBRARY = "libc++";
				CLANG_ENABLE_MODULES = YES;
				CLANG_ENABLE_OBJC_ARC = YES;
				CLANG_WARN_BOOL_CONVERSION = YES;
				CLANG_WARN_CONSTANT_CONVERSION = YES;
				CLANG_WARN_DIRECT_OBJC_ISA_USAGE = YES_ERROR;
				CLANG_WARN_EMPTY_BODY = YES;
				CLANG_WARN_ENUM_CONVERSION = YES;
				CLANG_WARN_INT_CONVERSION = YES;
				CLANG_WARN_OBJC_ROOT_CLASS = YES_ERROR;
				CLANG_WARN_UNREACHABLE_CODE = YES;
				CLANG_WARN__DUPLICATE_METHOD_MATCH = YES;
				"CODE_SIGN_IDENTITY[sdk=iphoneos*]" = "iPhone Developer";
				COPY_PHASE_STRIP = NO;
				DEBUG_INFORMATION_FORMAT = "dwarf-with-dsym";
				ENABLE_NS_ASSERTIONS = NO;
				ENABLE_STRICT_OBJC_MSGSEND = YES;
				GCC_C_LANGUAGE_STANDARD = gnu99;
				GCC_NO_COMMON_BLOCKS = YES;
				GCC_WARN_64_TO_32_BIT_CONVERSION = YES;
				GCC_WARN_ABOUT_RETURN_TYPE = YES_ERROR;
				GCC_WARN_UNDECLARED_SELECTOR = YES;
				GCC_WARN_UNINITIALIZED_AUTOS = YES_AGGRESSIVE;
				GCC_WARN_UNUSED_FUNCTION = YES;
				GCC_WARN_UNUSED_VARIABLE = YES;
				IPHONEOS_DEPLOYMENT_TARGET = 9.3;
				MTL_ENABLE_DEBUG_INFO = NO;
				ONLY_ACTIVE_ARCH = YES;
				SDKROOT = iphoneos;
				VALIDATE_PRODUCT = YES;
			};
			name = Release;
		};
		BC2992E01D0D0434003D07EB /* Debug */ = {
			isa = XCBuildConfiguration;
			buildSettings = {
				ASSETCATALOG_COMPILER_APPICON_NAME = AppIcon;
				CODE_SIGN_IDENTITY = "iPhone Distribution";
				"CODE_SIGN_IDENTITY[sdk=iphoneos*]" = "iPhone Distribution";
				CURRENT_PROJECT_VERSION = 1.0;
				INFOPLIST_FILE = EightGlasses/Info.plist;
				LD_RUNPATH_SEARCH_PATHS = "$(inherited) @executable_path/Frameworks";
				PRODUCT_BUNDLE_IDENTIFIER = com.app.gift.EightGlasses;
				PRODUCT_NAME = "$(TARGET_NAME)";
				PROVISIONING_PROFILE = "";
				TARGETED_DEVICE_FAMILY = 1;
			};
			name = Debug;
		};
		BC2992E11D0D0434003D07EB /* Release */ = {
			isa = XCBuildConfiguration;
			buildSettings = {
				ASSETCATALOG_COMPILER_APPICON_NAME = AppIcon;
				CODE_SIGN_IDENTITY = "iPhone Distribution";
				"CODE_SIGN_IDENTITY[sdk=iphoneos*]" = "iPhone Distribution";
				CURRENT_PROJECT_VERSION = 1.0;
				INFOPLIST_FILE = EightGlasses/Info.plist;
				LD_RUNPATH_SEARCH_PATHS = "$(inherited) @executable_path/Frameworks";
				ONLY_ACTIVE_ARCH = YES;
				PRODUCT_BUNDLE_IDENTIFIER = com.app.gift.EightGlasses;
				PRODUCT_NAME = "$(TARGET_NAME)";
				PROVISIONING_PROFILE = "";
				TARGETED_DEVICE_FAMILY = 1;
			};
			name = Release;
		};
/* End XCBuildConfiguration section */

/* Begin XCConfigurationList section */
		BC2992C01D0D0434003D07EB /* Build configuration list for PBXProject "EightGlasses" */ = {
			isa = XCConfigurationList;
			buildConfigurations = (
				BC2992DD1D0D0434003D07EB /* Debug */,
				BC2992DE1D0D0434003D07EB /* Release */,
			);
			defaultConfigurationIsVisible = 0;
			defaultConfigurationName = Release;
		};
		BC2992DF1D0D0434003D07EB /* Build configuration list for PBXNativeTarget "EightGlasses" */ = {
			isa = XCConfigurationList;
			buildConfigurations = (
				BC2992E01D0D0434003D07EB /* Debug */,
				BC2992E11D0D0434003D07EB /* Release */,
			);
			defaultConfigurationIsVisible = 0;
			defaultConfigurationName = Release;
		};
/* End XCConfigurationList section */

/* Begin XCVersionGroup section */
		BC2992D41D0D0434003D07EB /* EightGlasses.xcdatamodeld */ = {
			isa = XCVersionGroup;
			children = (
				BC2992D51D0D0434003D07EB /* EightGlasses.xcdatamodel */,
			);
			currentVersion = BC2992D51D0D0434003D07EB /* EightGlasses.xcdatamodel */;
			path = EightGlasses.xcdatamodeld;
			sourceTree = "<group>";
			versionGroupType = wrapper.xcdatamodel;
		};
/* End XCVersionGroup section */
	};
	rootObject = BC2992BD1D0D0434003D07EB /* Project object */;
}
