// !$*UTF8*$!
{
	archiveVersion = 1;
	classes = {
	};
	objectVersion = 47;
	objects = {

/* Begin PBXBuildFile section */
		BC2992CA1D0D0434003D07EB /* main.m in Sources */ = {isa = PBXBuildFile; fileRef = BC2992C91D0D0434003D07EB /* main.m */; };
		BC2992CD1D0D0434003D07EB /* AppDelegate.m in Sources */ = {isa = PBXBuildFile; fileRef = BC2992CC1D0D0434003D07EB /* AppDelegate.m */; };
		BC2992D01D0D0434003D07EB /* ViewController.m in Sources */ = {isa = PBXBuildFile; fileRef = BC2992CF1D0D0434003D07EB /* ViewController.m */; };
		BC2992D31D0D0434003D07EB /* Main.storyboard in Resources */ = {isa = PBXBuildFile; fileRef = BC2992D11D0D0434003D07EB /* Main.storyboard */; };
		BC2992D61D0D0434003D07EB /* EightGlasses.xcdatamodeld in Sources */ = {isa = PBXBuildFile; fileRef = BC2992D41D0D0434003D07EB /* EightGlasses.xcdatamodeld */; };
		BC2992D81D0D0434003D07EB /* Assets.xcassets in Resources */ = {isa = PBXBuildFile; fileRef = BC2992D71D0D0434003D07EB /* Assets.xcassets */; };
		BC2992DB1D0D0434003D07EB /* LaunchScreen.storyboard in Resources */ = {isa = PBXBuildFile; fileRef = BC2992D91D0D0434003D07EB /* LaunchScreen.storyboard */; };
		BC2992E41D0D075C003D07EB /* GlassesViewController.m in Sources */ = {isa = PBXBuildFile; fileRef = BC2992E31D0D075C003D07EB /* GlassesViewController.m */; };
		BC2992E71D0D076D003D07EB /* AboutViewController.m in Sources */ = {isa = PBXBuildFile; fileRef = BC2992E61D0D076D003D07EB /* AboutViewController.m */; };
		BC2992EA1D0D1428003D07EB /* GlassCell.m in Sources */ = {isa = PBXBuildFile; fileRef = BC2992E91D0D1428003D07EB /* GlassCell.m */; };
		BC2992ED1D0D161D003D07EB /* fullglass.png in Resources */ = {isa = PBXBuildFile; fileRef = BC2992EB1D0D161D003D07EB /* fullglass.png */; };
		BC2992EE1D0D161D003D07EB /* waterglass.png in Resources */ = {isa = PBXBuildFile; fileRef = BC2992EC1D0D161D003D07EB /* waterglass.png */; };
		BC2993161D0D3198003D07EB /* hat.png in Resources */ = {isa = PBXBuildFile; fileRef = BC2993151D0D3198003D07EB /* hat.png */; };
		BC2993481D0DF093003D07EB /* emptyGlass.png in Resources */ = {isa = PBXBuildFile; fileRef = BC2993461D0DF093003D07EB /* emptyGlass.png */; };
		BC2993491D0DF093003D07EB /* fullGlass-3.png in Resources */ = {isa = PBXBuildFile; fileRef = BC2993471D0DF093003D07EB /* fullGlass-3.png */; };
		BC29934C1D0DF1D5003D07EB /* DailyWater.m in Sources */ = {isa = PBXBuildFile; fileRef = BC29934B1D0DF1D5003D07EB /* DailyWater.m */; };
		BC29934F1D0E3957003D07EB /* ImageUITapGestureRecognizer.m in Sources */ = {isa = PBXBuildFile; fileRef = BC29934E1D0E3957003D07EB /* ImageUITapGestureRecognizer.m */; };
		BC2A13641D10C3F200B63E27 /* HistoryCell.m in Sources */ = {isa = PBXBuildFile; fileRef = BC2A13621D10C3F200B63E27 /* HistoryCell.m */; };
		BC2A13651D10C3F200B63E27 /* HistoryCell.xib in Resources */ = {isa = PBXBuildFile; fileRef = BC2A13631D10C3F200B63E27 /* HistoryCell.xib */; };
		BC2A13671D10C79D00B63E27 /* bluegrad1.png in Resources */ = {isa = PBXBuildFile; fileRef = BC2A13661D10C79D00B63E27 /* bluegrad1.png */; };
		BC2A136A1D10DEBD00B63E27 /* HistoryDetailViewController.m in Sources */ = {isa = PBXBuildFile; fileRef = BC2A13691D10DEBD00B63E27 /* HistoryDetailViewController.m */; };
		BC2A136C1D10ECD100B63E27 /* santa@120.png in Resources */ = {isa = PBXBuildFile; fileRef = BC2A136B1D10ECD100B63E27 /* santa@120.png */; };
		BC2A136E1D12395000B63E27 /* 8_icon.png in Resources */ = {isa = PBXBuildFile; fileRef = BC2A136D1D12395000B63E27 /* 8_icon.png */; };
		BC2A13741D123F3B00B63E27 /* GlassTabBarController.m in Sources */ = {isa = PBXBuildFile; fileRef = BC2A13731D123F3B00B63E27 /* GlassTabBarController.m */; };
		BC2A137A1D1362D800B63E27 /* justFullGlass.png in Resources */ = {isa = PBXBuildFile; fileRef = BC2A13791D1362D800B63E27 /* justFullGlass.png */; };
		BC2A137C1D13633400B63E27 /* justFullGlass-2.png in Resources */ = {isa = PBXBuildFile; fileRef = BC2A137B1D13633400B63E27 /* justFullGlass-2.png */; };
		BC2A137E1D1376EC00B63E27 /* cellGlass.png in Resources */ = {isa = PBXBuildFile; fileRef = BC2A137D1D1376EC00B63E27 /* cellGlass.png */; };
		BC2A13821D13A42900B63E27 /* pattern-bg-2.png in Resources */ = {isa = PBXBuildFile; fileRef = BC2A13811D13A42900B63E27 /* pattern-bg-2.png */; };
		BC2A13881D13B8A500B63E27 /* test-tab-icon-3.png in Resources */ = {isa = PBXBuildFile; fileRef = BC2A13871D13B8A500B63E27 /* test-tab-icon-3.png */; };
		BC2A138A1D13C09E00B63E27 /* LaunchScreen.png in Resources */ = {isa = PBXBuildFile; fileRef = BC2A13891D13C09E00B63E27 /* LaunchScreen.png */; };
		BC509CAB1D20847300D190D8 /* FullGlass-now.png in Resources */ = {isa = PBXBuildFile; fileRef = BC509CAA1D20847300D190D8 /* FullGlass-now.png */; };
		BCA1AC8F1D209220005F3BEC /* DateFormatter.m in Sources */ = {isa = PBXBuildFile; fileRef = BCA1AC8E1D209220005F3BEC /* DateFormatter.m */; };
		BCA1AC931D20AA62005F3BEC /* emptyGlass-now.png in Resources */ = {isa = PBXBuildFile; fileRef = BCA1AC921D20AA62005F3BEC /* emptyGlass-now.png */; };
		BCA1AC951D20ABD3005F3BEC /* emptyGlass-now-1.png in Resources */ = {isa = PBXBuildFile; fileRef = BCA1AC941D20ABD3005F3BEC /* emptyGlass-now-1.png */; };
		BCA1AC971D20AC32005F3BEC /* fullGlass-2.png in Resources */ = {isa = PBXBuildFile; fileRef = BCA1AC961D20AC32005F3BEC /* fullGlass-2.png */; };
		BCA1AC9D1D20AEA9005F3BEC /* fullGlass-4.png in Resources */ = {isa = PBXBuildFile; fileRef = BCA1AC9C1D20AEA9005F3BEC /* fullGlass-4.png */; };
		BCA1AC9F1D20AF61005F3BEC /* emptyGlass-1.png in Resources */ = {isa = PBXBuildFile; fileRef = BCA1AC9E1D20AF61005F3BEC /* emptyGlass-1.png */; };
/* End PBXBuildFile section */

/* Begin PBXFileReference section */
		BC2992C51D0D0434003D07EB /* EightGlasses.app */ = {isa = PBXFileReference; explicitFileType = wrapper.application; includeInIndex = 0; path = EightGlasses.app; sourceTree = BUILT_PRODUCTS_DIR; };
		BC2992C91D0D0434003D07EB /* main.m */ = {isa = PBXFileReference; lastKnownFileType = sourcecode.c.objc; path = main.m; sourceTree = "<group>"; };
		BC2992CB1D0D0434003D07EB /* AppDelegate.h */ = {isa = PBXFileReference; lastKnownFileType = sourcecode.c.h; path = AppDelegate.h; sourceTree = "<group>"; };
		BC2992CC1D0D0434003D07EB /* AppDelegate.m */ = {isa = PBXFileReference; lastKnownFileType = sourcecode.c.objc; path = AppDelegate.m; sourceTree = "<group>"; };
		BC2992CE1D0D0434003D07EB /* ViewController.h */ = {isa = PBXFileReference; lastKnownFileType = sourcecode.c.h; path = ViewController.h; sourceTree = "<group>"; };
		BC2992CF1D0D0434003D07EB /* ViewController.m */ = {isa = PBXFileReference; lastKnownFileType = sourcecode.c.objc; path = ViewController.m; sourceTree = "<group>"; };
		BC2992D21D0D0434003D07EB /* Base */ = {isa = PBXFileReference; lastKnownFileType = file.storyboard; name = Base; path = Base.lproj/Main.storyboard; sourceTree = "<group>"; };
		BC2992D51D0D0434003D07EB /* EightGlasses.xcdatamodel */ = {isa = PBXFileReference; lastKnownFileType = wrapper.xcdatamodel; path = EightGlasses.xcdatamodel; sourceTree = "<group>"; };
		BC2992D71D0D0434003D07EB /* Assets.xcassets */ = {isa = PBXFileReference; lastKnownFileType = folder.assetcatalog; path = Assets.xcassets; sourceTree = "<group>"; };
		BC2992DA1D0D0434003D07EB /* Base */ = {isa = PBXFileReference; lastKnownFileType = file.storyboard; name = Base; path = Base.lproj/LaunchScreen.storyboard; sourceTree = "<group>"; };
		BC2992DC1D0D0434003D07EB /* Info.plist */ = {isa = PBXFileReference; lastKnownFileType = text.plist.xml; path = Info.plist; sourceTree = "<group>"; };
		BC2992E21D0D075C003D07EB /* GlassesViewController.h */ = {isa = PBXFileReference; fileEncoding = 4; lastKnownFileType = sourcecode.c.h; path = GlassesViewController.h; sourceTree = "<group>"; };
		BC2992E31D0D075C003D07EB /* GlassesViewController.m */ = {isa = PBXFileReference; fileEncoding = 4; lastKnownFileType = sourcecode.c.objc; path = GlassesViewController.m; sourceTree = "<group>"; };
		BC2992E51D0D076D003D07EB /* AboutViewController.h */ = {isa = PBXFileReference; fileEncoding = 4; lastKnownFileType = sourcecode.c.h; path = AboutViewController.h; sourceTree = "<group>"; };
		BC2992E61D0D076D003D07EB /* AboutViewController.m */ = {isa = PBXFileReference; fileEncoding = 4; lastKnownFileType = sourcecode.c.objc; path = AboutViewController.m; sourceTree = "<group>"; };
		BC2992E81D0D1428003D07EB /* GlassCell.h */ = {isa = PBXFileReference; fileEncoding = 4; lastKnownFileType = sourcecode.c.h; path = GlassCell.h; sourceTree = "<group>"; };
		BC2992E91D0D1428003D07EB /* GlassCell.m */ = {isa = PBXFileReference; fileEncoding = 4; lastKnownFileType = sourcecode.c.objc; path = GlassCell.m; sourceTree = "<group>"; };
		BC2992EB1D0D161D003D07EB /* fullglass.png */ = {isa = PBXFileReference; lastKnownFileType = image.png; path = fullglass.png; sourceTree = "<group>"; };
		BC2992EC1D0D161D003D07EB /* waterglass.png */ = {isa = PBXFileReference; lastKnownFileType = image.png; path = waterglass.png; sourceTree = "<group>"; };
		BC2993151D0D3198003D07EB /* hat.png */ = {isa = PBXFileReference; lastKnownFileType = image.png; name = hat.png; path = ../CollectionViewSample/hat.png; sourceTree = "<group>"; };
		BC2993461D0DF093003D07EB /* emptyGlass.png */ = {isa = PBXFileReference; lastKnownFileType = image.png; name = emptyGlass.png; path = ../../icons/emptyGlass.png; sourceTree = "<group>"; };
		BC2993471D0DF093003D07EB /* fullGlass-3.png */ = {isa = PBXFileReference; lastKnownFileType = image.png; name = "fullGlass-3.png"; path = "../../icons/fullGlass-3.png"; sourceTree = "<group>"; };
		BC29934A1D0DF1D5003D07EB /* DailyWater.h */ = {isa = PBXFileReference; fileEncoding = 4; lastKnownFileType = sourcecode.c.h; path = DailyWater.h; sourceTree = "<group>"; };
		BC29934B1D0DF1D5003D07EB /* DailyWater.m */ = {isa = PBXFileReference; fileEncoding = 4; lastKnownFileType = sourcecode.c.objc; path = DailyWater.m; sourceTree = "<group>"; };
		BC29934D1D0E3957003D07EB /* ImageUITapGestureRecognizer.h */ = {isa = PBXFileReference; fileEncoding = 4; lastKnownFileType = sourcecode.c.h; path = ImageUITapGestureRecognizer.h; sourceTree = "<group>"; };
		BC29934E1D0E3957003D07EB /* ImageUITapGestureRecognizer.m */ = {isa = PBXFileReference; fileEncoding = 4; lastKnownFileType = sourcecode.c.objc; path = ImageUITapGestureRecognizer.m; sourceTree = "<group>"; };
		BC2A13611D10C3F200B63E27 /* HistoryCell.h */ = {isa = PBXFileReference; fileEncoding = 4; lastKnownFileType = sourcecode.c.h; path = HistoryCell.h; sourceTree = "<group>"; };
		BC2A13621D10C3F200B63E27 /* HistoryCell.m */ = {isa = PBXFileReference; fileEncoding = 4; lastKnownFileType = sourcecode.c.objc; path = HistoryCell.m; sourceTree = "<group>"; };
		BC2A13631D10C3F200B63E27 /* HistoryCell.xib */ = {isa = PBXFileReference; fileEncoding = 4; lastKnownFileType = file.xib; path = HistoryCell.xib; sourceTree = "<group>"; };
		BC2A13661D10C79D00B63E27 /* bluegrad1.png */ = {isa = PBXFileReference; lastKnownFileType = image.png; name = bluegrad1.png; path = ../../icons/bluegrad1.png; sourceTree = "<group>"; };
		BC2A13681D10DEBD00B63E27 /* HistoryDetailViewController.h */ = {isa = PBXFileReference; fileEncoding = 4; lastKnownFileType = sourcecode.c.h; path = HistoryDetailViewController.h; sourceTree = "<group>"; };
		BC2A13691D10DEBD00B63E27 /* HistoryDetailViewController.m */ = {isa = PBXFileReference; fileEncoding = 4; lastKnownFileType = sourcecode.c.objc; path = HistoryDetailViewController.m; sourceTree = "<group>"; };
		BC2A136B1D10ECD100B63E27 /* santa@120.png */ = {isa = PBXFileReference; lastKnownFileType = image.png; path = "santa@120.png"; sourceTree = "<group>"; };
		BC2A136D1D12395000B63E27 /* 8_icon.png */ = {isa = PBXFileReference; lastKnownFileType = image.png; name = 8_icon.png; path = ../../icons/8_icon.png; sourceTree = "<group>"; };
		BC2A13721D123F3B00B63E27 /* GlassTabBarController.h */ = {isa = PBXFileReference; fileEncoding = 4; lastKnownFileType = sourcecode.c.h; path = GlassTabBarController.h; sourceTree = "<group>"; };
		BC2A13731D123F3B00B63E27 /* GlassTabBarController.m */ = {isa = PBXFileReference; fileEncoding = 4; lastKnownFileType = sourcecode.c.objc; path = GlassTabBarController.m; sourceTree = "<group>"; };
		BC2A13791D1362D800B63E27 /* justFullGlass.png */ = {isa = PBXFileReference; lastKnownFileType = image.png; name = justFullGlass.png; path = ../../icons/justFullGlass.png; sourceTree = "<group>"; };
		BC2A137B1D13633400B63E27 /* justFullGlass-2.png */ = {isa = PBXFileReference; lastKnownFileType = image.png; name = "justFullGlass-2.png"; path = "../../icons/justFullGlass-2.png"; sourceTree = "<group>"; };
		BC2A137D1D1376EC00B63E27 /* cellGlass.png */ = {isa = PBXFileReference; lastKnownFileType = image.png; name = cellGlass.png; path = ../../icons/cellGlass.png; sourceTree = "<group>"; };
		BC2A13811D13A42900B63E27 /* pattern-bg-2.png */ = {isa = PBXFileReference; lastKnownFileType = image.png; name = "pattern-bg-2.png"; path = "../../icons/pattern-bg-2.png"; sourceTree = "<group>"; };
		BC2A13871D13B8A500B63E27 /* test-tab-icon-3.png */ = {isa = PBXFileReference; lastKnownFileType = image.png; name = "test-tab-icon-3.png"; path = "../../icons/test-tab-icon-3.png"; sourceTree = "<group>"; };
		BC2A13891D13C09E00B63E27 /* LaunchScreen.png */ = {isa = PBXFileReference; lastKnownFileType = image.png; name = LaunchScreen.png; path = ../../icons/LaunchScreen.png; sourceTree = "<group>"; };
		BC509CAA1D20847300D190D8 /* FullGlass-now.png */ = {isa = PBXFileReference; lastKnownFileType = image.png; name = "FullGlass-now.png"; path = "../../icons/FullGlass-now.png"; sourceTree = "<group>"; };
		BCA1AC8D1D209220005F3BEC /* DateFormatter.h */ = {isa = PBXFileReference; fileEncoding = 4; lastKnownFileType = sourcecode.c.h; path = DateFormatter.h; sourceTree = "<group>"; };
		BCA1AC8E1D209220005F3BEC /* DateFormatter.m */ = {isa = PBXFileReference; fileEncoding = 4; lastKnownFileType = sourcecode.c.objc; path = DateFormatter.m; sourceTree = "<group>"; };
		BCA1AC921D20AA62005F3BEC /* emptyGlass-now.png */ = {isa = PBXFileReference; lastKnownFileType = image.png; name = "emptyGlass-now.png"; path = "../../icons/emptyGlass-now.png"; sourceTree = "<group>"; };
		BCA1AC941D20ABD3005F3BEC /* emptyGlass-now-1.png */ = {isa = PBXFileReference; lastKnownFileType = image.png; name = "emptyGlass-now-1.png"; path = "../../icons/emptyGlass-now-1.png"; sourceTree = "<group>"; };
		BCA1AC961D20AC32005F3BEC /* fullGlass-2.png */ = {isa = PBXFileReference; lastKnownFileType = image.png; name = "fullGlass-2.png"; path = "../../icons/fullGlass-2.png"; sourceTree = "<group>"; };
		BCA1AC9C1D20AEA9005F3BEC /* fullGlass-4.png */ = {isa = PBXFileReference; lastKnownFileType = image.png; name = "fullGlass-4.png"; path = "../../icons/fullGlass-4.png"; sourceTree = "<group>"; };
		BCA1AC9E1D20AF61005F3BEC /* emptyGlass-1.png */ = {isa = PBXFileReference; lastKnownFileType = image.png; name = "emptyGlass-1.png"; path = "../../icons/emptyGlass-1.png"; sourceTree = "<group>"; };
/* End PBXFileReference section */

/* Begin PBXFrameworksBuildPhase section */
		BC2992C21D0D0434003D07EB /* Frameworks */ = {
			isa = PBXFrameworksBuildPhase;
			buildActionMask = 2147483647;
			files = (
			);
			runOnlyForDeploymentPostprocessing = 0;
		};
/* End PBXFrameworksBuildPhase section */

/* Begin PBXGroup section */
		BC2992BC1D0D0434003D07EB = {
			isa = PBXGroup;
			children = (
				BC2992C71D0D0434003D07EB /* EightGlasses */,
				BC2992C61D0D0434003D07EB /* Products */,
			);
			sourceTree = "<group>";
			usesTabs = 0;
		};
		BC2992C61D0D0434003D07EB /* Products */ = {
			isa = PBXGroup;
			children = (
				BC2992C51D0D0434003D07EB /* EightGlasses.app */,
			);
			name = Products;
			sourceTree = "<group>";
		};
		BC2992C71D0D0434003D07EB /* EightGlasses */ = {
			isa = PBXGroup;
			children = (
				BC509CAC1D2088B700D190D8 /* Resources */,
				BCA1AC901D20A6C9005F3BEC /* UtilityClasses */,
				BCA1AC911D20A6F7005F3BEC /* Views */,
				BC2992D11D0D0434003D07EB /* Main.storyboard */,
				BC2992D71D0D0434003D07EB /* Assets.xcassets */,
				BC2992D91D0D0434003D07EB /* LaunchScreen.storyboard */,
				BC2992DC1D0D0434003D07EB /* Info.plist */,
				BC2992D41D0D0434003D07EB /* EightGlasses.xcdatamodeld */,
				BC2992C81D0D0434003D07EB /* Supporting Files */,
			);
			path = EightGlasses;
			sourceTree = "<group>";
		};
		BC2992C81D0D0434003D07EB /* Supporting Files */ = {
			isa = PBXGroup;
			children = (
				BC2992C91D0D0434003D07EB /* main.m */,
			);
			name = "Supporting Files";
			sourceTree = "<group>";
		};
		BC509CAC1D2088B700D190D8 /* Resources */ = {
			isa = PBXGroup;
			children = (
				BC509CAD1D2088D000D190D8 /* images */,
			);
			name = Resources;
			path = ..;
			sourceTree = "<group>";
		};
		BC509CAD1D2088D000D190D8 /* images */ = {
			isa = PBXGroup;
			children = (
				BCA1AC9E1D20AF61005F3BEC /* emptyGlass-1.png */,
				BCA1AC9C1D20AEA9005F3BEC /* fullGlass-4.png */,
				BCA1AC961D20AC32005F3BEC /* fullGlass-2.png */,
				BCA1AC941D20ABD3005F3BEC /* emptyGlass-now-1.png */,
				BCA1AC921D20AA62005F3BEC /* emptyGlass-now.png */,
				BC509CAA1D20847300D190D8 /* FullGlass-now.png */,
				BC2A13891D13C09E00B63E27 /* LaunchScreen.png */,
				BC2A13871D13B8A500B63E27 /* test-tab-icon-3.png */,
				BC2A13811D13A42900B63E27 /* pattern-bg-2.png */,
				BC2A137D1D1376EC00B63E27 /* cellGlass.png */,
				BC2A137B1D13633400B63E27 /* justFullGlass-2.png */,
				BC2A13791D1362D800B63E27 /* justFullGlass.png */,
				BC2A136D1D12395000B63E27 /* 8_icon.png */,
				BC2A136B1D10ECD100B63E27 /* santa@120.png */,
				BC2A13661D10C79D00B63E27 /* bluegrad1.png */,
				BC2993461D0DF093003D07EB /* emptyGlass.png */,
				BC2993471D0DF093003D07EB /* fullGlass-3.png */,
				BC2993151D0D3198003D07EB /* hat.png */,
				BC2992EB1D0D161D003D07EB /* fullglass.png */,
				BC2992EC1D0D161D003D07EB /* waterglass.png */,
			);
			name = images;
			sourceTree = "<group>";
		};
		BCA1AC901D20A6C9005F3BEC /* UtilityClasses */ = {
			isa = PBXGroup;
			children = (
				BCA1AC8D1D209220005F3BEC /* DateFormatter.h */,
				BCA1AC8E1D209220005F3BEC /* DateFormatter.m */,
				BC2992E81D0D1428003D07EB /* GlassCell.h */,
				BC2992E91D0D1428003D07EB /* GlassCell.m */,
				BC29934A1D0DF1D5003D07EB /* DailyWater.h */,
				BC29934B1D0DF1D5003D07EB /* DailyWater.m */,
				BC29934D1D0E3957003D07EB /* ImageUITapGestureRecognizer.h */,
				BC29934E1D0E3957003D07EB /* ImageUITapGestureRecognizer.m */,
				BC2A13611D10C3F200B63E27 /* HistoryCell.h */,
				BC2A13621D10C3F200B63E27 /* HistoryCell.m */,
				BC2A13631D10C3F200B63E27 /* HistoryCell.xib */,
			);
			name = UtilityClasses;
			sourceTree = "<group>";
		};
		BCA1AC911D20A6F7005F3BEC /* Views */ = {
			isa = PBXGroup;
			children = (
				BC2992E51D0D076D003D07EB /* AboutViewController.h */,
				BC2992E61D0D076D003D07EB /* AboutViewController.m */,
				BC2992E21D0D075C003D07EB /* GlassesViewController.h */,
				BC2992E31D0D075C003D07EB /* GlassesViewController.m */,
				BC2992CE1D0D0434003D07EB /* ViewController.h */,
				BC2992CF1D0D0434003D07EB /* ViewController.m */,
				BC2992CB1D0D0434003D07EB /* AppDelegate.h */,
				BC2992CC1D0D0434003D07EB /* AppDelegate.m */,
				BC2A13681D10DEBD00B63E27 /* HistoryDetailViewController.h */,
				BC2A13691D10DEBD00B63E27 /* HistoryDetailViewController.m */,
				BC2A13721D123F3B00B63E27 /* GlassTabBarController.h */,
				BC2A13731D123F3B00B63E27 /* GlassTabBarController.m */,
			);
			name = Views;
			sourceTree = "<group>";
		};
/* End PBXGroup section */

/* Begin PBXNativeTarget section */
		BC2992C41D0D0434003D07EB /* EightGlasses */ = {
			isa = PBXNativeTarget;
			buildConfigurationList = BC2992DF1D0D0434003D07EB /* Build configuration list for PBXNativeTarget "EightGlasses" */;
			buildPhases = (
				BC2992C11D0D0434003D07EB /* Sources */,
				BC2992C21D0D0434003D07EB /* Frameworks */,
				BC2992C31D0D0434003D07EB /* Resources */,
			);
			buildRules = (
			);
			dependencies = (
			);
			name = EightGlasses;
			productName = EightGlasses;
			productReference = BC2992C51D0D0434003D07EB /* EightGlasses.app */;
			productType = "com.apple.product-type.application";
		};
/* End PBXNativeTarget section */

/* Begin PBXProject section */
		BC2992BD1D0D0434003D07EB /* Project object */ = {
			isa = PBXProject;
			attributes = {
				LastUpgradeCheck = 0730;
				ORGANIZATIONNAME = app;
				TargetAttributes = {
					BC2992C41D0D0434003D07EB = {
						CreatedOnToolsVersion = 7.3.1;
						DevelopmentTeam = 38FL7QSMWS;
					};
				};
			};
			buildConfigurationList = BC2992C01D0D0434003D07EB /* Build configuration list for PBXProject "EightGlasses" */;
			compatibilityVersion = "Xcode 6.3";
			developmentRegion = English;
			hasScannedForEncodings = 0;
			knownRegions = (
				en,
				Base,
			);
			mainGroup = BC2992BC1D0D0434003D07EB;
			productRefGroup = BC2992C61D0D0434003D07EB /* Products */;
			projectDirPath = "";
			projectRoot = "";
			targets = (
				BC2992C41D0D0434003D07EB /* EightGlasses */,
			);
		};
/* End PBXProject section */

/* Begin PBXResourcesBuildPhase section */
		BC2992C31D0D0434003D07EB /* Resources */ = {
			isa = PBXResourcesBuildPhase;
			buildActionMask = 2147483647;
			files = (
				BC2992DB1D0D0434003D07EB /* LaunchScreen.storyboard in Resources */,
				BCA1AC951D20ABD3005F3BEC /* emptyGlass-now-1.png in Resources */,
				BCA1AC9F1D20AF61005F3BEC /* emptyGlass-1.png in Resources */,
				BC2A136E1D12395000B63E27 /* 8_icon.png in Resources */,
				BC2A13651D10C3F200B63E27 /* HistoryCell.xib in Resources */,
				BC2993481D0DF093003D07EB /* emptyGlass.png in Resources */,
				BC2992ED1D0D161D003D07EB /* fullglass.png in Resources */,
				BC2A138A1D13C09E00B63E27 /* LaunchScreen.png in Resources */,
				BC2A137A1D1362D800B63E27 /* justFullGlass.png in Resources */,
				BCA1AC971D20AC32005F3BEC /* fullGlass-2.png in Resources */,
				BC2992D81D0D0434003D07EB /* Assets.xcassets in Resources */,
				BC2A137C1D13633400B63E27 /* justFullGlass-2.png in Resources */,
				BC2993161D0D3198003D07EB /* hat.png in Resources */,
				BC2992D31D0D0434003D07EB /* Main.storyboard in Resources */,
				BC2A137E1D1376EC00B63E27 /* cellGlass.png in Resources */,
				BC2A136C1D10ECD100B63E27 /* santa@120.png in Resources */,
				BCA1AC9D1D20AEA9005F3BEC /* fullGlass-4.png in Resources */,
				BC2A13671D10C79D00B63E27 /* bluegrad1.png in Resources */,
				BC2A13821D13A42900B63E27 /* pattern-bg-2.png in Resources */,
				BC2A13881D13B8A500B63E27 /* test-tab-icon-3.png in Resources */,
				BC2992EE1D0D161D003D07EB /* waterglass.png in Resources */,
				BC2993491D0DF093003D07EB /* fullGlass-3.png in Resources */,
				BC509CAB1D20847300D190D8 /* FullGlass-now.png in Resources */,
				BCA1AC931D20AA62005F3BEC /* emptyGlass-now.png in Resources */,
			);
			runOnlyForDeploymentPostprocessing = 0;
		};
/* End PBXResourcesBuildPhase section */

/* Begin PBXSourcesBuildPhase section */
		BC2992C11D0D0434003D07EB /* Sources */ = {
			isa = PBXSourcesBuildPhase;
			buildActionMask = 2147483647;
			files = (
				BC29934F1D0E3957003D07EB /* ImageUITapGestureRecognizer.m in Sources */,
				BC2992E71D0D076D003D07EB /* AboutViewController.m in Sources */,
				BC2A13641D10C3F200B63E27 /* HistoryCell.m in Sources */,
				BC2992D61D0D0434003D07EB /* EightGlasses.xcdatamodeld in Sources */,
				BC2992E41D0D075C003D07EB /* GlassesViewController.m in Sources */,
				BCA1AC8F1D209220005F3BEC /* DateFormatter.m in Sources */,
				BC2A136A1D10DEBD00B63E27 /* HistoryDetailViewController.m in Sources */,
				BC2992EA1D0D1428003D07EB /* GlassCell.m in Sources */,
				BC2992D01D0D0434003D07EB /* ViewController.m in Sources */,
				BC2A13741D123F3B00B63E27 /* GlassTabBarController.m in Sources */,
				BC29934C1D0DF1D5003D07EB /* DailyWater.m in Sources */,
				BC2992CD1D0D0434003D07EB /* AppDelegate.m in Sources */,
				BC2992CA1D0D0434003D07EB /* main.m in Sources */,
			);
			runOnlyForDeploymentPostprocessing = 0;
		};
/* End PBXSourcesBuildPhase section */

/* Begin PBXVariantGroup section */
		BC2992D11D0D0434003D07EB /* Main.storyboard */ = {
			isa = PBXVariantGroup;
			children = (
				BC2992D21D0D0434003D07EB /* Base */,
			);
			name = Main.storyboard;
			sourceTree = "<group>";
		};
		BC2992D91D0D0434003D07EB /* LaunchScreen.storyboard */ = {
			isa = PBXVariantGroup;
			children = (
				BC2992DA1D0D0434003D07EB /* Base */,
			);
			name = LaunchScreen.storyboard;
			sourceTree = "<group>";
		};
/* End PBXVariantGroup section */

/* Begin XCBuildConfiguration section */
		BC2992DD1D0D0434003D07EB /* Debug */ = {
			isa = XCBuildConfiguration;
			buildSettings = {
				ALWAYS_SEARCH_USER_PATHS = NO;
				CLANG_ANALYZER_NONNULL = YES;
				CLANG_CXX_LANGUAGE_STANDARD = "gnu++0x";
				CLANG_CXX_LIBRARY = "libc++";
				CLANG_ENABLE_MODULES = YES;
				CLANG_ENABLE_OBJC_ARC = YES;
				CLANG_WARN_BOOL_CONVERSION = YES;
				CLANG_WARN_CONSTANT_CONVERSION = YES;
				CLANG_WARN_DIRECT_OBJC_ISA_USAGE = YES_ERROR;
				CLANG_WARN_EMPTY_BODY = YES;
				CLANG_WARN_ENUM_CONVERSION = YES;
				CLANG_WARN_INT_CONVERSION = YES;
				CLANG_WARN_OBJC_ROOT_CLASS = YES_ERROR;
				CLANG_WARN_UNREACHABLE_CODE = YES;
				CLANG_WARN__DUPLICATE_METHOD_MATCH = YES;
				"CODE_SIGN_IDENTITY[sdk=iphoneos*]" = "iPhone Developer";
				COPY_PHASE_STRIP = NO;
				DEBUG_INFORMATION_FORMAT = dwarf;
				ENABLE_STRICT_OBJC_MSGSEND = YES;
				ENABLE_TESTABILITY = YES;
				GCC_C_LANGUAGE_STANDARD = gnu99;
				GCC_DYNAMIC_NO_PIC = NO;
				GCC_NO_COMMON_BLOCKS = YES;
				GCC_OPTIMIZATION_LEVEL = 0;
				GCC_PREPROCESSOR_DEFINITIONS = (
					"DEBUG=1",
					"$(inherited)",
				);
				GCC_WARN_64_TO_32_BIT_CONVERSION = YES;
				GCC_WARN_ABOUT_RETURN_TYPE = YES_ERROR;
				GCC_WARN_UNDECLARED_SELECTOR = YES;
				GCC_WARN_UNINITIALIZED_AUTOS = YES_AGGRESSIVE;
				GCC_WARN_UNUSED_FUNCTION = YES;
				GCC_WARN_UNUSED_VARIABLE = YES;
				IPHONEOS_DEPLOYMENT_TARGET = 9.3;
				MTL_ENABLE_DEBUG_INFO = YES;
				ONLY_ACTIVE_ARCH = YES;
				SDKROOT = iphoneos;
			};
			name = Debug;
		};
		BC2992DE1D0D0434003D07EB /* Release */ = {
			isa = XCBuildConfiguration;
			buildSettings = {
				ALWAYS_SEARCH_USER_PATHS = NO;
				CLANG_ANALYZER_NONNULL = YES;
				CLANG_CXX_LANGUAGE_STANDARD = "gnu++0x";
				CLANG_CXX_LIBRARY = "libc++";
				CLANG_ENABLE_MODULES = YES;
				CLANG_ENABLE_OBJC_ARC = YES;
				CLANG_WARN_BOOL_CONVERSION = YES;
				CLANG_WARN_CONSTANT_CONVERSION = YES;
				CLANG_WARN_DIRECT_OBJC_ISA_USAGE = YES_ERROR;
				CLANG_WARN_EMPTY_BODY = YES;
				CLANG_WARN_ENUM_CONVERSION = YES;
				CLANG_WARN_INT_CONVERSION = YES;
				CLANG_WARN_OBJC_ROOT_CLASS = YES_ERROR;
				CLANG_WARN_UNREACHABLE_CODE = YES;
				CLANG_WARN__DUPLICATE_METHOD_MATCH = YES;
				"CODE_SIGN_IDENTITY[sdk=iphoneos*]" = "iPhone Developer";
				COPY_PHASE_STRIP = NO;
				DEBUG_INFORMATION_FORMAT = "dwarf-with-dsym";
				ENABLE_NS_ASSERTIONS = NO;
				ENABLE_STRICT_OBJC_MSGSEND = YES;
				GCC_C_LANGUAGE_STANDARD = gnu99;
				GCC_NO_COMMON_BLOCKS = YES;
				GCC_WARN_64_TO_32_BIT_CONVERSION = YES;
				GCC_WARN_ABOUT_RETURN_TYPE = YES_ERROR;
				GCC_WARN_UNDECLARED_SELECTOR = YES;
				GCC_WARN_UNINITIALIZED_AUTOS = YES_AGGRESSIVE;
				GCC_WARN_UNUSED_FUNCTION = YES;
				GCC_WARN_UNUSED_VARIABLE = YES;
				IPHONEOS_DEPLOYMENT_TARGET = 9.3;
				MTL_ENABLE_DEBUG_INFO = NO;
				ONLY_ACTIVE_ARCH = YES;
				SDKROOT = iphoneos;
				VALIDATE_PRODUCT = YES;
			};
			name = Release;
		};
		BC2992E01D0D0434003D07EB /* Debug */ = {
			isa = XCBuildConfiguration;
			buildSettings = {
				ASSETCATALOG_COMPILER_APPICON_NAME = AppIcon;
				CODE_SIGN_IDENTITY = "iPhone Developer";
				"CODE_SIGN_IDENTITY[sdk=iphoneos*]" = "iPhone Developer";
				CURRENT_PROJECT_VERSION = 1.0;
				INFOPLIST_FILE = EightGlasses/Info.plist;
				LD_RUNPATH_SEARCH_PATHS = "$(inherited) @executable_path/Frameworks";
				PRODUCT_BUNDLE_IDENTIFIER = com.app.gift.EightGlasses;
				PRODUCT_NAME = "$(TARGET_NAME)";
				PROVISIONING_PROFILE = "";
				TARGETED_DEVICE_FAMILY = 1;
			};
			name = Debug;
		};
		BC2992E11D0D0434003D07EB /* Release */ = {
			isa = XCBuildConfiguration;
			buildSettings = {
				ASSETCATALOG_COMPILER_APPICON_NAME = AppIcon;
				CODE_SIGN_IDENTITY = "iPhone Developer";
				"CODE_SIGN_IDENTITY[sdk=iphoneos*]" = "iPhone Developer";
				CURRENT_PROJECT_VERSION = 1.0;
				INFOPLIST_FILE = EightGlasses/Info.plist;
				LD_RUNPATH_SEARCH_PATHS = "$(inherited) @executable_path/Frameworks";
				ONLY_ACTIVE_ARCH = YES;
				PRODUCT_BUNDLE_IDENTIFIER = com.app.gift.EightGlasses;
				PRODUCT_NAME = "$(TARGET_NAME)";
				PROVISIONING_PROFILE = "";
				TARGETED_DEVICE_FAMILY = 1;
			};
			name = Release;
		};
/* End XCBuildConfiguration section */

/* Begin XCConfigurationList section */
		BC2992C01D0D0434003D07EB /* Build configuration list for PBXProject "EightGlasses" */ = {
			isa = XCConfigurationList;
			buildConfigurations = (
				BC2992DD1D0D0434003D07EB /* Debug */,
				BC2992DE1D0D0434003D07EB /* Release */,
			);
			defaultConfigurationIsVisible = 0;
			defaultConfigurationName = Release;
		};
		BC2992DF1D0D0434003D07EB /* Build configuration list for PBXNativeTarget "EightGlasses" */ = {
			isa = XCConfigurationList;
			buildConfigurations = (
				BC2992E01D0D0434003D07EB /* Debug */,
				BC2992E11D0D0434003D07EB /* Release */,
			);
			defaultConfigurationIsVisible = 0;
			defaultConfigurationName = Release;
		};
/* End XCConfigurationList section */

/* Begin XCVersionGroup section */
		BC2992D41D0D0434003D07EB /* EightGlasses.xcdatamodeld */ = {
			isa = XCVersionGroup;
			children = (
				BC2992D51D0D0434003D07EB /* EightGlasses.xcdatamodel */,
			);
			currentVersion = BC2992D51D0D0434003D07EB /* EightGlasses.xcdatamodel */;
			path = EightGlasses.xcdatamodeld;
			sourceTree = "<group>";
			versionGroupType = wrapper.xcdatamodel;
		};
/* End XCVersionGroup section */
	};
	rootObject = BC2992BD1D0D0434003D07EB /* Project object */;
}
